
Microsoft Visual Studio Solution File, Format Version 12.00
# Visual Studio Version 17
VisualStudioVersion = 17.9.34723.18
MinimumVisualStudioVersion = 10.0.40219.1
Project("{FAE04EC0-301F-11D3-BF4B-00C04F79EFBC}") = "Output", "Output\Output.csproj", "{688976F6-DEF6-46DC-846E-2BF3077E23CE}"
EndProject
Global
	GlobalSection(SolutionConfigurationPlatforms) = preSolution
		Debug|Any CPU = Debug|Any CPU
		Release|Any CPU = Release|Any CPU
	EndGlobalSection
	GlobalSection(ProjectConfigurationPlatforms) = postSolution
		{688976F6-DEF6-46DC-846E-2BF3077E23CE}.Debug|Any CPU.ActiveCfg = Debug|Any CPU
		{688976F6-DEF6-46DC-846E-2BF3077E23CE}.Debug|Any CPU.Build.0 = Debug|Any CPU
		{688976F6-DEF6-46DC-846E-2BF3077E23CE}.Release|Any CPU.ActiveCfg = Release|Any CPU
		{688976F6-DEF6-46DC-846E-2BF3077E23CE}.Release|Any CPU.Build.0 = Release|Any CPU
	EndGlobalSection
	GlobalSection(SolutionProperties) = preSolution
		HideSolutionNode = FALSE
	EndGlobalSection
	GlobalSection(ExtensibilityGlobals) = postSolution
		SolutionGuid = {28023E75-464A-4894-AC6F-6A2466128097}
	EndGlobalSection
EndGlobal
