
Microsoft Visual Studio Solution File, Format Version 12.00
# Visual Studio Version 17
VisualStudioVersion = 17.9.34723.18
MinimumVisualStudioVersion = 10.0.40219.1
Project("{FAE04EC0-301F-11D3-BF4B-00C04F79EFBC}") = "IsNullOrEmpty", "IsNullOrEmpty\IsNullOrEmpty.csproj", "{E8D6C702-A6A4-49C3-BA7B-3A04868727D7}"
EndProject
Global
	GlobalSection(SolutionConfigurationPlatforms) = preSolution
		Debug|Any CPU = Debug|Any CPU
		Release|Any CPU = Release|Any CPU
	EndGlobalSection
	GlobalSection(ProjectConfigurationPlatforms) = postSolution
		{E8D6C702-A6A4-49C3-BA7B-3A04868727D7}.Debug|Any CPU.ActiveCfg = Debug|Any CPU
		{E8D6C702-A6A4-49C3-BA7B-3A04868727D7}.Debug|Any CPU.Build.0 = Debug|Any CPU
		{E8D6C702-A6A4-49C3-BA7B-3A04868727D7}.Release|Any CPU.ActiveCfg = Release|Any CPU
		{E8D6C702-A6A4-49C3-BA7B-3A04868727D7}.Release|Any CPU.Build.0 = Release|Any CPU
	EndGlobalSection
	GlobalSection(SolutionProperties) = preSolution
		HideSolutionNode = FALSE
	EndGlobalSection
	GlobalSection(ExtensibilityGlobals) = postSolution
		SolutionGuid = {14EB8BDD-516F-47DD-B4BA-1FD6F8C96A73}
	EndGlobalSection
EndGlobal
