
Microsoft Visual Studio Solution File, Format Version 12.00
# Visual Studio Version 17
VisualStudioVersion = 17.9.34723.18
MinimumVisualStudioVersion = 10.0.40219.1
Project("{FAE04EC0-301F-11D3-BF4B-00C04F79EFBC}") = "Conversions", "Conversions\Conversions.csproj", "{7385217F-9BBA-44CD-B7F3-61F6FB15AFE5}"
EndProject
Global
	GlobalSection(SolutionConfigurationPlatforms) = preSolution
		Debug|Any CPU = Debug|Any CPU
		Release|Any CPU = Release|Any CPU
	EndGlobalSection
	GlobalSection(ProjectConfigurationPlatforms) = postSolution
		{7385217F-9BBA-44CD-B7F3-61F6FB15AFE5}.Debug|Any CPU.ActiveCfg = Debug|Any CPU
		{7385217F-9BBA-44CD-B7F3-61F6FB15AFE5}.Debug|Any CPU.Build.0 = Debug|Any CPU
		{7385217F-9BBA-44CD-B7F3-61F6FB15AFE5}.Release|Any CPU.ActiveCfg = Release|Any CPU
		{7385217F-9BBA-44CD-B7F3-61F6FB15AFE5}.Release|Any CPU.Build.0 = Release|Any CPU
	EndGlobalSection
	GlobalSection(SolutionProperties) = preSolution
		HideSolutionNode = FALSE
	EndGlobalSection
	GlobalSection(ExtensibilityGlobals) = postSolution
		SolutionGuid = {A5B56F49-DBB8-4B9B-8D9C-0F15C020BE39}
	EndGlobalSection
EndGlobal
