
Microsoft Visual Studio Solution File, Format Version 12.00
# Visual Studio Version 17
VisualStudioVersion = 17.9.34723.18
MinimumVisualStudioVersion = 10.0.40219.1
Project("{FAE04EC0-301F-11D3-BF4B-00C04F79EFBC}") = "MyFirstProject", "MyFirstProject\MyFirstProject.csproj", "{FE15BBAB-2589-4400-88BA-C0ECF7C67E14}"
EndProject
Global
	GlobalSection(SolutionConfigurationPlatforms) = preSolution
		Debug|Any CPU = Debug|Any CPU
		Release|Any CPU = Release|Any CPU
	EndGlobalSection
	GlobalSection(ProjectConfigurationPlatforms) = postSolution
		{FE15BBAB-2589-4400-88BA-C0ECF7C67E14}.Debug|Any CPU.ActiveCfg = Debug|Any CPU
		{FE15BBAB-2589-4400-88BA-C0ECF7C67E14}.Debug|Any CPU.Build.0 = Debug|Any CPU
		{FE15BBAB-2589-4400-88BA-C0ECF7C67E14}.Release|Any CPU.ActiveCfg = Release|Any CPU
		{FE15BBAB-2589-4400-88BA-C0ECF7C67E14}.Release|Any CPU.Build.0 = Release|Any CPU
	EndGlobalSection
	GlobalSection(SolutionProperties) = preSolution
		HideSolutionNode = FALSE
	EndGlobalSection
	GlobalSection(ExtensibilityGlobals) = postSolution
		SolutionGuid = {F9AC4F3C-4954-40C3-BF39-22569C3F0C29}
	EndGlobalSection
EndGlobal
