
Microsoft Visual Studio Solution File, Format Version 12.00
# Visual Studio Version 17
VisualStudioVersion = 17.9.34723.18
MinimumVisualStudioVersion = 10.0.40219.1
Project("{FAE04EC0-301F-11D3-BF4B-00C04F79EFBC}") = "Loop", "Loop\Loop.csproj", "{FE44A255-0E1C-4B0F-B6EC-9FD2B4500876}"
EndProject
Global
	GlobalSection(SolutionConfigurationPlatforms) = preSolution
		Debug|Any CPU = Debug|Any CPU
		Release|Any CPU = Release|Any CPU
	EndGlobalSection
	GlobalSection(ProjectConfigurationPlatforms) = postSolution
		{FE44A255-0E1C-4B0F-B6EC-9FD2B4500876}.Debug|Any CPU.ActiveCfg = Debug|Any CPU
		{FE44A255-0E1C-4B0F-B6EC-9FD2B4500876}.Debug|Any CPU.Build.0 = Debug|Any CPU
		{FE44A255-0E1C-4B0F-B6EC-9FD2B4500876}.Release|Any CPU.ActiveCfg = Release|Any CPU
		{FE44A255-0E1C-4B0F-B6EC-9FD2B4500876}.Release|Any CPU.Build.0 = Release|Any CPU
	EndGlobalSection
	GlobalSection(SolutionProperties) = preSolution
		HideSolutionNode = FALSE
	EndGlobalSection
	GlobalSection(ExtensibilityGlobals) = postSolution
		SolutionGuid = {3EC2CB9A-F94F-4B5F-9C3F-12781F01274B}
	EndGlobalSection
EndGlobal
