
Microsoft Visual Studio Solution File, Format Version 12.00
# Visual Studio Version 17
VisualStudioVersion = 17.9.34723.18
MinimumVisualStudioVersion = 10.0.40219.1
Project("{FAE04EC0-301F-11D3-BF4B-00C04F79EFBC}") = "Exercise3", "Exercise3\Exercise3.csproj", "{C937249D-153A-4736-AEA7-DF53E68CA9ED}"
EndProject
Global
	GlobalSection(SolutionConfigurationPlatforms) = preSolution
		Debug|Any CPU = Debug|Any CPU
		Release|Any CPU = Release|Any CPU
	EndGlobalSection
	GlobalSection(ProjectConfigurationPlatforms) = postSolution
		{C937249D-153A-4736-AEA7-DF53E68CA9ED}.Debug|Any CPU.ActiveCfg = Debug|Any CPU
		{C937249D-153A-4736-AEA7-DF53E68CA9ED}.Debug|Any CPU.Build.0 = Debug|Any CPU
		{C937249D-153A-4736-AEA7-DF53E68CA9ED}.Release|Any CPU.ActiveCfg = Release|Any CPU
		{C937249D-153A-4736-AEA7-DF53E68CA9ED}.Release|Any CPU.Build.0 = Release|Any CPU
	EndGlobalSection
	GlobalSection(SolutionProperties) = preSolution
		HideSolutionNode = FALSE
	EndGlobalSection
	GlobalSection(ExtensibilityGlobals) = postSolution
		SolutionGuid = {AB525100-DA82-4529-BEDE-6AFDC9DA5333}
	EndGlobalSection
EndGlobal
